schema: '2.0'
stages:
  load_data:
    cmd: python src/load_data.py --config=config/params.yaml
    deps:
    - path: data_given/data.csv
      md5: 36330da1e706cf4f8cba1dbe6d437011
      size: 3844210
    - path: src/get_data.py
      md5: 39f9af20c39608cae24b791392f2862b
      size: 666
    - path: src/load_data.py
      md5: 970ff80c1b5598f3f55cd05a68e57089
      size: 659
    outs:
    - path: data/raw/train.csv
      md5: 36330da1e706cf4f8cba1dbe6d437011
      size: 3811648
  preprocess_data:
    cmd: python src/preprocess.py --config=config/params.yaml
    deps:
    - path: data/raw/train.csv
      md5: 36330da1e706cf4f8cba1dbe6d437011
      size: 3844210
    - path: src/categorical_encoding.py
      md5: 0d7b7ff037c8f41d48b00e5e504c0a0b
      size: 2886
    - path: src/numerical_scaling.py
      md5: 775d56a5d0bba6c7919cc86269e581bf
      size: 1282
    - path: src/preprocess.py
      md5: b4d0899dc61f89ff895324f501189457
      size: 1817
    outs:
    - path: data/interim/interim_data.csv
      md5: c81fe3bb376d1ef43d52ff1e4d266be9
      size: 4735812
  split_data:
    cmd: python src/split_data.py --config=config/params.yaml
    deps:
    - path: data/interim/interim_data.csv
      md5: c81fe3bb376d1ef43d52ff1e4d266be9
      size: 4735812
    - path: src/split_data.py
      md5: 21c4a4d0e67394fe2eb789e0ebe63a75
      size: 1102
    outs:
    - path: data/processed/test_data.csv
      md5: 271dff1e1c3d6a49e810fb7e9d7ff64f
      size: 923439
    - path: data/processed/train_data.csv
      md5: 792313269c0748cc639546d42a6146b3
      size: 3692566
  train_and_evaluate:
    cmd: python src/train_and_evaluate.py --config=config/params.yaml
    deps:
    - path: data/processed/test_data.csv
      md5: 271dff1e1c3d6a49e810fb7e9d7ff64f
      size: 923439
    - path: data/processed/train_data.csv
      md5: 792313269c0748cc639546d42a6146b3
      size: 3692566
    - path: reports/params.json
      md5: 8fc177b80a6f72648fa66703ae0f8e74
      size: 82
    - path: reports/scores.json
      md5: 4c6123c791d5dc0949869e44131b482e
      size: 129
    - path: src/train_and_evaluate.py
      md5: 655d7b6fa19c4e5bde378bf1130196a1
      size: 3082
    outs:
    - path: saved_models/model.joblib
      md5: d36898d282935b21cb677b8e8100cdca
      size: 2045012
